
Microsoft Visual Studio Solution File, Format Version 12.00
# Visual Studio 15
VisualStudioVersion = 15.0.27004.2010
MinimumVisualStudioVersion = 10.0.40219.1
Project("{FAE04EC0-301F-11D3-BF4B-00C04F79EFBC}") = "QuizAvengers", "QuizAvengers\QuizAvengers.csproj", "{09AC465C-DB7D-40C0-9B49-1ACF8EDB59B7}"
EndProject
Global
	GlobalSection(SolutionConfigurationPlatforms) = preSolution
		Debug|Any CPU = Debug|Any CPU
		Release|Any CPU = Release|Any CPU
	EndGlobalSection
	GlobalSection(ProjectConfigurationPlatforms) = postSolution
		{09AC465C-DB7D-40C0-9B49-1ACF8EDB59B7}.Debug|Any CPU.ActiveCfg = Debug|Any CPU
		{09AC465C-DB7D-40C0-9B49-1ACF8EDB59B7}.Debug|Any CPU.Build.0 = Debug|Any CPU
		{09AC465C-DB7D-40C0-9B49-1ACF8EDB59B7}.Release|Any CPU.ActiveCfg = Release|Any CPU
		{09AC465C-DB7D-40C0-9B49-1ACF8EDB59B7}.Release|Any CPU.Build.0 = Release|Any CPU
	EndGlobalSection
	GlobalSection(SolutionProperties) = preSolution
		HideSolutionNode = FALSE
	EndGlobalSection
	GlobalSection(ExtensibilityGlobals) = postSolution
		SolutionGuid = {F7602541-FB5E-43E0-94A7-3E66017E9B10}
	EndGlobalSection
EndGlobal
